
Microsoft Visual Studio Solution File, Format Version 12.00
# Visual Studio Version 17
VisualStudioVersion = 17.14.36705.20
MinimumVisualStudioVersion = 10.0.40219.1
Project("{8BC9CEB8-8B4A-11D0-8D11-00A0C91BC942}") = "Exp-6", "Exp-6.vcxproj", "{0AA12B44-CDAE-4B05-AE99-7929638A9373}"
EndProject
Global
	GlobalSection(SolutionConfigurationPlatforms) = preSolution
		Debug|x64 = Debug|x64
		Debug|x86 = Debug|x86
		Release|x64 = Release|x64
		Release|x86 = Release|x86
	EndGlobalSection
	GlobalSection(ProjectConfigurationPlatforms) = postSolution
		{0AA12B44-CDAE-4B05-AE99-7929638A9373}.Debug|x64.ActiveCfg = Debug|x64
		{0AA12B44-CDAE-4B05-AE99-7929638A9373}.Debug|x64.Build.0 = Debug|x64
		{0AA12B44-CDAE-4B05-AE99-7929638A9373}.Debug|x86.ActiveCfg = Debug|Win32
		{0AA12B44-CDAE-4B05-AE99-7929638A9373}.Debug|x86.Build.0 = Debug|Win32
		{0AA12B44-CDAE-4B05-AE99-7929638A9373}.Release|x64.ActiveCfg = Release|x64
		{0AA12B44-CDAE-4B05-AE99-7929638A9373}.Release|x64.Build.0 = Release|x64
		{0AA12B44-CDAE-4B05-AE99-7929638A9373}.Release|x86.ActiveCfg = Release|Win32
		{0AA12B44-CDAE-4B05-AE99-7929638A9373}.Release|x86.Build.0 = Release|Win32
	EndGlobalSection
	GlobalSection(SolutionProperties) = preSolution
		HideSolutionNode = FALSE
	EndGlobalSection
	GlobalSection(ExtensibilityGlobals) = postSolution
		SolutionGuid = {4389D56E-5D4B-4640-92E1-06C89014868F}
	EndGlobalSection
EndGlobal
